Microsoft Visual Studio Solution File, Format Version 12.00
# Visual Studio Version 17
VisualStudioVersion = 17.0.31912.275
MinimumVisualStudioVersion = 10.0.40219.1
Project("{FAE04EC0-301F-11D3-BF4B-00C04F79EFBC}") = "LayoutConverter.Core", "src\LayoutConverter.Core\LayoutConverter.Core.csproj", "{B83B9737-2D8A-4D8A-B012-5DB4AF824B36}"
EndProject
Project("{FAE04EC0-301F-11D3-BF4B-00C04F79EFBC}") = "LayoutConverter.Conversion", "src\LayoutConverter.Conversion\LayoutConverter.Conversion.csproj", "{89EF7242-3D95-4BA5-8FA1-D214A4E3EF37}"
EndProject
Project("{FAE04EC0-301F-11D3-BF4B-00C04F79EFBC}") = "LayoutConverter.Cli", "src\LayoutConverter.Cli\LayoutConverter.Cli.csproj", "{BA3158B8-9E5C-47F0-A85E-BD6AD30A240E}"
EndProject
Global
	GlobalSection(SolutionConfigurationPlatforms) = preSolution
		Debug|Any CPU = Debug|Any CPU
		Release|Any CPU = Release|Any CPU
	EndGlobalSection
	GlobalSection(ProjectConfigurationPlatforms) = postSolution
		{B83B9737-2D8A-4D8A-B012-5DB4AF824B36}.Debug|Any CPU.ActiveCfg = Debug|Any CPU
		{B83B9737-2D8A-4D8A-B012-5DB4AF824B36}.Debug|Any CPU.Build.0 = Debug|Any CPU
		{B83B9737-2D8A-4D8A-B012-5DB4AF824B36}.Release|Any CPU.ActiveCfg = Release|Any CPU
		{B83B9737-2D8A-4D8A-B012-5DB4AF824B36}.Release|Any CPU.Build.0 = Release|Any CPU
		{89EF7242-3D95-4BA5-8FA1-D214A4E3EF37}.Debug|Any CPU.ActiveCfg = Debug|Any CPU
		{89EF7242-3D95-4BA5-8FA1-D214A4E3EF37}.Debug|Any CPU.Build.0 = Debug|Any CPU
		{89EF7242-3D95-4BA5-8FA1-D214A4E3EF37}.Release|Any CPU.ActiveCfg = Release|Any CPU
		{89EF7242-3D95-4BA5-8FA1-D214A4E3EF37}.Release|Any CPU.Build.0 = Release|Any CPU
		{BA3158B8-9E5C-47F0-A85E-BD6AD30A240E}.Debug|Any CPU.ActiveCfg = Debug|Any CPU
		{BA3158B8-9E5C-47F0-A85E-BD6AD30A240E}.Debug|Any CPU.Build.0 = Debug|Any CPU
		{BA3158B8-9E5C-47F0-A85E-BD6AD30A240E}.Release|Any CPU.ActiveCfg = Release|Any CPU
		{BA3158B8-9E5C-47F0-A85E-BD6AD30A240E}.Release|Any CPU.Build.0 = Release|Any CPU
	EndGlobalSection
	GlobalSection(SolutionProperties) = preSolution
		HideSolutionNode = FALSE
	EndGlobalSection
EndGlobal
